<?xml version="1.0" encoding="utf-8"?>
<Project ToolsVersion="4.0" xmlns="http://schemas.microsoft.com/developer/msbuild/2003">
  <ItemGroup>
    <ClCompile Include="GUI\MainGUI.cpp" />
    <ClCompile Include="ImGui\TextEditor\TextEditor.cpp" />
    <ClCompile Include="ImGui\ImGui\imgui.cpp" />
    <ClCompile Include="ImGui\ImGui\imgui_demo.cpp" />
    <ClCompile Include="ImGui\ImGui\imgui_draw.cpp" />
    <ClCompile Include="ImGui\ImGui\imgui_impl_dx11.cpp" />
    <ClCompile Include="ImGui\ImGui\imgui_impl_win32.cpp" />
    <ClCompile Include="ImGui\ImGui\imgui_tables.cpp" />
    <ClCompile Include="ImGui\ImGui\imgui_widgets.cpp" />
    <ClCompile Include="Utils\dllmain.cpp" />
    <ClCompile Include="Lua\lauxlib.c" />
    <ClCompile Include="Lua\lua.c" />
    <ClCompile Include="Lua\lapi.c" />
    <ClCompile Include="Lua\lbaselib.c" />
    <ClCompile Include="Lua\lbitlib.c" />
    <ClCompile Include="Lua\lcode.c" />
    <ClCompile Include="Lua\lcorolib.c" />
    <ClCompile Include="Lua\lctype.c" />
    <ClCompile Include="Lua\ldblib.c" />
    <ClCompile Include="Lua\ldebug.c" />
    <ClCompile Include="Lua\ldo.c" />
    <ClCompile Include="Lua\ldump.c" />
    <ClCompile Include="Lua\lfunc.c" />
    <ClCompile Include="Lua\lgc.c" />
    <ClCompile Include="Lua\linit.c" />
    <ClCompile Include="Lua\liolib.c" />
    <ClCompile Include="Lua\llex.c" />
    <ClCompile Include="Lua\lmathlib.c" />
    <ClCompile Include="Lua\lmem.c" />
    <ClCompile Include="Lua\loadlib.c" />
    <ClCompile Include="Lua\lobject.c" />
    <ClCompile Include="Lua\lopcodes.c" />
    <ClCompile Include="Lua\loslib.c" />
    <ClCompile Include="Lua\lparser.c" />
    <ClCompile Include="Lua\lstate.c" />
    <ClCompile Include="Lua\lstring.c" />
    <ClCompile Include="Lua\lstrlib.c" />
    <ClCompile Include="Lua\ltable.c" />
    <ClCompile Include="Lua\ltablib.c" />
    <ClCompile Include="Lua\ltm.c" />
    <ClCompile Include="Lua\lundump.c" />
    <ClCompile Include="Lua\lutf8lib.c" />
    <ClCompile Include="Lua\lvm.c" />
    <ClCompile Include="Lua\lzio.c" />
    <ClCompile Include="Utils\ProtectionBypass.cpp" />
    <ClCompile Include="Discord SDK\src\connection_win.cpp" />
    <ClCompile Include="Discord SDK\src\discord_register_win.cpp" />
    <ClCompile Include="Discord SDK\src\discord_rpc.cpp" />
    <ClCompile Include="Discord SDK\src\rpc_connection.cpp" />
    <ClCompile Include="Discord SDK\src\serialization.cpp" />
    <ClCompile Include="Utils\DiscordRPC\Discord.cpp" />
    <ClCompile Include="Utils\LuaUtils.cpp" />
    <ClCompile Include="Utils\GuiUtils.cpp" />
    <ClCompile Include="Utils\ImageLoader\ImageLoader.cpp" />
    <ClCompile Include="Themes\Themes.cpp" />
    <ClCompile Include="Themes\ThemeLoader.cpp" />
    <ClCompile Include="Themes\Fonts\FontsLoader.cpp" />
    <ClCompile Include="DirectX\D3D11Hook.cpp" />
    <ClCompile Include="Config\ConfigManager.cpp" />
    <ClCompile Include="GUI\InitGui.cpp" />
    <ClCompile Include="Lua\luahook.cpp" />
    <ClCompile Include="GUI\Sections.cpp" />
    <ClCompile Include="Games\wordle.cpp" />
    <ClCompile Include="Games\tictactoe.cpp" />
    <ClCompile Include="Games\minesweeper.cpp" />
    <ClCompile Include="Games\lightsout.cpp" />
    <ClCompile Include="Hotkeys\Hotkey.cpp" />
    <ClCompile Include="Hotkeys\KeyBind.cpp" />
    <ClCompile Include="Functions\il2cppUtils.cpp" />
    <ClCompile Include="Functions\Misc\Peeking.cpp" />
    <ClCompile Include="Functions\Misc\FovChanger.cpp" />
    <ClCompile Include="Functions\Misc\UnlockFPS.cpp" />
    <ClCompile Include="Functions\World\AutoTP.cpp" />
    <ClCompile Include="Functions\Player\GodMode.cpp" />
    <ClCompile Include="Functions\Player\InfinityEnergy.cpp" />
    <ClCompile Include="Functions\Player\InfinityStamina.cpp" />
    <ClCompile Include="Functions\Player\MultiHit.cpp" />
    <ClCompile Include="Functions\Player\NoCooldown.cpp" />
    <ClCompile Include="Functions\Player\NoClip.cpp" />
    <ClCompile Include="Functions\Misc\AutoTalk.cpp" />
    <ClCompile Include="Functions\World\DumbEnemies.cpp" />
    <ClCompile Include="GUI\Translations.cpp" />
    <ClCompile Include="Functions\Misc\CutsceneSkip.cpp" />
    <ClCompile Include="Functions\World\GameSpeed.cpp" />
    <ClCompile Include="Functions\About\About.cpp" />
    <ClCompile Include="Functions\Settings\Settings.cpp" />
    <ClCompile Include="Functions\Misc\ProfileChanger.cpp" />
    <ClCompile Include="Utils\util.cpp" />
    <ClCompile Include="Functions\Misc\ShowChestIndicator.cpp" />
    <ClCompile Include="Functions\Misc\CameraZoom.cpp" />
    <ClCompile Include="Functions\Misc\OpenTeamImmediately.cpp" />
    <ClCompile Include="Functions\Misc\SkipEnhanceAnimation.cpp" />
  </ItemGroup>
  <ItemGroup>
    <ClInclude Include="GUI\MainGUI.h" />
    <ClInclude Include="includes.h" />
    <ClInclude Include="ImGui\TextEditor\TextEditor.h" />
    <ClInclude Include="ImGui\ImGui\imconfig.h" />
    <ClInclude Include="ImGui\ImGui\imgui.h" />
    <ClInclude Include="ImGui\ImGui\imgui_impl_dx11.h" />
    <ClInclude Include="ImGui\ImGui\imgui_impl_win32.h" />
    <ClInclude Include="ImGui\ImGui\imgui_internal.h" />
    <ClInclude Include="ImGui\ImGui\imstb_rectpack.h" />
    <ClInclude Include="ImGui\ImGui\imstb_textedit.h" />
    <ClInclude Include="ImGui\ImGui\imstb_truetype.h" />
    <ClInclude Include="Utils\ExtraGuiFuncs.hpp" />
    <ClInclude Include="Json\json.hpp" />
    <ClInclude Include="DirectX\shadez.h" />
    <ClInclude Include="ImGui\ImGuiNotify\fa_solid_900.h" />
    <ClInclude Include="ImGui\ImGuiNotify\font_awesome_5.h" />
    <ClInclude Include="ImGui\ImGuiNotify\imgui_notify.h" />
    <ClInclude Include="ImGui\ImGuiNotify\tahoma.h" />
    <ClInclude Include="GUI\GuiDefinitions.h" />
    <ClInclude Include="GUI\InitGui.hpp" />
    <ClInclude Include="GUI\Translations.h" />
    <ClInclude Include="Utils\Utils.hpp" />
    <ClInclude Include="Lua\scanner.h" />
    <ClInclude Include="Lua\pe.h" />
    <ClInclude Include="Lua\lualib.h" />
    <ClInclude Include="Lua\lauxlib.h" />
    <ClInclude Include="Lua\lua.h" />
    <ClInclude Include="Lua\luaconf.h" />
    <ClInclude Include="Lua\lprefix.h" />
    <ClInclude Include="Utils\LuaUtils.hpp" />
    <ClInclude Include="resource.h" />
    <ClInclude Include="Lua\function.h" />
    <ClInclude Include="Lua\lzio.h" />
    <ClInclude Include="Lua\lapi.h" />
    <ClInclude Include="Lua\lcode.h" />
    <ClInclude Include="Lua\lctype.h" />
    <ClInclude Include="Lua\ldebug.h" />
    <ClInclude Include="Lua\ldo.h" />
    <ClInclude Include="Lua\lfunc.h" />
    <ClInclude Include="Lua\lgc.h" />
    <ClInclude Include="Lua\llex.h" />
    <ClInclude Include="Lua\llimits.h" />
    <ClInclude Include="Lua\lmem.h" />
    <ClInclude Include="Lua\lobject.h" />
    <ClInclude Include="Lua\lopcodes.h" />
    <ClInclude Include="Lua\lparser.h" />
    <ClInclude Include="Lua\lstate.h" />
    <ClInclude Include="Lua\lstring.h" />
    <ClInclude Include="Lua\ltable.h" />
    <ClInclude Include="Lua\ltm.h" />
    <ClInclude Include="Lua\lua.hpp" />
    <ClInclude Include="Lua\lundump.h" />
    <ClInclude Include="Lua\lvm.h" />
    <ClInclude Include="Lua\luahook.hpp" />
    <ClInclude Include="Utils\ProtectionBypass.h" />
    <ClInclude Include="Discord SDK\include\discord_register.h" />
    <ClInclude Include="Discord SDK\include\discord_rpc.h" />
    <ClInclude Include="Discord SDK\src\backoff.h" />
    <ClInclude Include="Discord SDK\src\rpc_connection.h" />
    <ClInclude Include="Discord SDK\src\serialization.h" />
    <ClInclude Include="Utils\DiscordRPC\Discord.h" />
    <ClInclude Include="Discord SDK\src\msg_queue.h" />
    <ClInclude Include="Discord SDK\src\connection.h" />
    <ClInclude Include="Discord SDK\src\rapidjson\document.h" />
    <ClInclude Include="Discord SDK\src\rapidjson\allocators.h" />
    <ClInclude Include="Discord SDK\src\rapidjson\cursorstreamwrapper.h" />
    <ClInclude Include="Discord SDK\src\rapidjson\encodedstream.h" />
    <ClInclude Include="Discord SDK\src\rapidjson\encodings.h" />
    <ClInclude Include="Discord SDK\src\rapidjson\filereadstream.h" />
    <ClInclude Include="Discord SDK\src\rapidjson\filewritestream.h" />
    <ClInclude Include="Discord SDK\src\rapidjson\fwd.h" />
    <ClInclude Include="Discord SDK\src\rapidjson\istreamwrapper.h" />
    <ClInclude Include="Discord SDK\src\rapidjson\memorybuffer.h" />
    <ClInclude Include="Discord SDK\src\rapidjson\memorystream.h" />
    <ClInclude Include="Discord SDK\src\rapidjson\ostreamwrapper.h" />
    <ClInclude Include="Discord SDK\src\rapidjson\pointer.h" />
    <ClInclude Include="Discord SDK\src\rapidjson\prettywriter.h" />
    <ClInclude Include="Discord SDK\src\rapidjson\rapidjson.h" />
    <ClInclude Include="Discord SDK\src\rapidjson\reader.h" />
    <ClInclude Include="Discord SDK\src\rapidjson\schema.h" />
    <ClInclude Include="Discord SDK\src\rapidjson\stream.h" />
    <ClInclude Include="Discord SDK\src\rapidjson\stringbuffer.h" />
    <ClInclude Include="Discord SDK\src\rapidjson\writer.h" />
    <ClInclude Include="Utils\GuiUtils.hpp" />
    <ClInclude Include="Themes\ThemeLoader.hpp" />
    <ClInclude Include="Themes\Themes.hpp" />
    <ClInclude Include="Themes\Fonts\FontsLoader.hpp" />
    <ClInclude Include="Utils\ImageLoader\stb_image.h" />
    <ClInclude Include="Utils\ImageLoader\ImageLoader.hpp" />
    <ClInclude Include="DirectX\D3D11Hook.hpp" />
    <ClInclude Include="GUI\Sections.hpp" />
    <ClInclude Include="Games\lightsout.hpp" />
    <ClInclude Include="Games\minesweeper.hpp" />
    <ClInclude Include="Games\tictactoe.hpp" />
    <ClInclude Include="Games\wordle.hpp" />
    <ClInclude Include="Hotkeys\Hotkey.h" />
    <ClInclude Include="Hotkeys\KeyBind.h" />
    <ClInclude Include="Hotkeys\KeyBinds.h" />
    <ClInclude Include="Functions\detours.h" />
    <ClInclude Include="Functions\Function.h" />
    <ClInclude Include="Functions\HookManager.h" />
    <ClInclude Include="Functions\il2cpp-api-functions.h" />
    <ClInclude Include="Functions\il2cpp-appdata.h" />
    <ClInclude Include="Functions\il2cpp-functions.h" />
    <ClInclude Include="Functions\il2cpp-init.hpp" />
    <ClInclude Include="Functions\il2cpp-types-ptr.h" />
    <ClInclude Include="Functions\il2cpp-types.h" />
    <ClInclude Include="Functions\il2cpp-unityplayer-functions.h" />
    <ClInclude Include="Functions\il2cppUtils.h" />
    <ClInclude Include="Functions\Misc\Peeking.h" />
    <ClInclude Include="Functions\Misc\FovChanger.h" />
    <ClInclude Include="Functions\Misc\UnlockFPS.h" />
    <ClInclude Include="Functions\World\AutoTP.h" />
    <ClInclude Include="Functions\Player\GodMode.h" />
    <ClInclude Include="Functions\Player\InfinityEnergy.h" />
    <ClInclude Include="Functions\Player\InfinityStamina.h" />
    <ClInclude Include="Functions\Player\MultiHit.h" />
    <ClInclude Include="Functions\Player\NoCooldown.h" />
    <ClInclude Include="Functions\Player\NoClip.h" />
    <ClInclude Include="Functions\Misc\AutoTalk.h" />
    <ClInclude Include="Functions\World\DumbEnemies.h" />
    <ClInclude Include="Functions\Misc\CutsceneSkip.h" />
    <ClInclude Include="Functions\World\GameSpeed.h" />
    <ClInclude Include="Functions\About\About.h" />
    <ClInclude Include="Functions\Settings\Settings.h" />
    <ClInclude Include="Functions\Misc\ProfileChanger.h" />
    <ClInclude Include="Utils\util.h" />
    <ClInclude Include="Config\ConfigManager.h" />
    <ClInclude Include="Config\ConfigField.h" />
    <ClInclude Include="Functions\Misc\ShowChestIndicator.h" />
    <ClInclude Include="Functions\Misc\CameraZoom.h" />
    <ClInclude Include="Functions\Misc\OpenTeamImmediately.h" />
    <ClInclude Include="Functions\Misc\SkipEnhanceAnimation.h" />
  </ItemGroup>
  <ItemGroup>
    <Library Include="Lua\lua53.lib" />
    <Library Include="Functions\detours.lib" />
  </ItemGroup>
  <ItemGroup>
    <Image Include="gato.png" />
  </ItemGroup>
  <ItemGroup>
    <Font Include="Themes\Fonts\m-n.otf" />
  </ItemGroup>
  <ItemGroup>
    <ResourceCompile Include="minty.rc" />
  </ItemGroup>
  <ItemGroup>
    <None Include="Lua\lua53.dll" />
    <None Include="Resources\translations.json" />
  </ItemGroup>
</Project>