<?xml version="1.0" encoding="utf-8"?>
<Project ToolsVersion="4.0" xmlns="http://schemas.microsoft.com/developer/msbuild/2003">
  <ItemGroup>
    <ClCompile Include="GUI\MainGUI.cpp" />
    <ClCompile Include="main.cpp" />
    <ClCompile Include="Themes\themes.cpp" />
    <ClCompile Include="ImGui\TextEditor\TextEditor.cpp" />
    <ClCompile Include="ImGui\ImGui\imgui.cpp" />
    <ClCompile Include="ImGui\ImGui\imgui_demo.cpp" />
    <ClCompile Include="ImGui\ImGui\imgui_draw.cpp" />
    <ClCompile Include="ImGui\ImGui\imgui_impl_dx11.cpp" />
    <ClCompile Include="ImGui\ImGui\imgui_impl_win32.cpp" />
    <ClCompile Include="ImGui\ImGui\imgui_tables.cpp" />
    <ClCompile Include="ImGui\ImGui\imgui_widgets.cpp" />
  </ItemGroup>
  <ItemGroup>
    <ClInclude Include="games\lightsout.hpp" />
    <ClInclude Include="games\minesweeper.hpp" />
    <ClInclude Include="games\tictactoe.hpp" />
    <ClInclude Include="games\wordle.hpp" />
    <ClInclude Include="gilua\logtextbuf.h" />
    <ClInclude Include="GUI\MainGUI.h" />
    <ClInclude Include="includes.h" />
    <ClInclude Include="Json\prejson.hpp" />
    <ClInclude Include="Themes\Fonts\fontsloader.h" />
    <ClInclude Include="Themes\themes.h" />
    <ClInclude Include="ImGui\TextEditor\TextEditor.h" />
    <ClInclude Include="ImGui\ImGui\imconfig.h" />
    <ClInclude Include="ImGui\ImGui\imgui.h" />
    <ClInclude Include="ImGui\ImGui\imgui_impl_dx11.h" />
    <ClInclude Include="ImGui\ImGui\imgui_impl_win32.h" />
    <ClInclude Include="ImGui\ImGui\imgui_internal.h" />
    <ClInclude Include="ImGui\ImGui\imstb_rectpack.h" />
    <ClInclude Include="ImGui\ImGui\imstb_textedit.h" />
    <ClInclude Include="ImGui\ImGui\imstb_truetype.h" />
    <ClInclude Include="GUI\includeFunctions.h" />
    <ClInclude Include="Utils\ExtraGuiFuncs.hpp" />
    <ClInclude Include="Utils\Log.hpp" />
    <ClInclude Include="Themes\Themeloader.hpp" />
  </ItemGroup>
</Project>