<?xml version="1.0" encoding="utf-8"?>
<Project ToolsVersion="4.0" xmlns="http://schemas.microsoft.com/developer/msbuild/2003">
  <ItemGroup>
    <ClCompile Include="GUI\MainGUI.cpp" />
    <ClCompile Include="Themes\themes.cpp" />
    <ClCompile Include="ImGui\TextEditor\TextEditor.cpp" />
    <ClCompile Include="ImGui\ImGui\imgui.cpp" />
    <ClCompile Include="ImGui\ImGui\imgui_demo.cpp" />
    <ClCompile Include="ImGui\ImGui\imgui_draw.cpp" />
    <ClCompile Include="ImGui\ImGui\imgui_impl_dx11.cpp" />
    <ClCompile Include="ImGui\ImGui\imgui_impl_win32.cpp" />
    <ClCompile Include="ImGui\ImGui\imgui_tables.cpp" />
    <ClCompile Include="ImGui\ImGui\imgui_widgets.cpp" />
    <ClCompile Include="Utils\dllmain.cpp" />
    <ClCompile Include="IL2CPP\Functions\molemole.cpp" />
    <ClCompile Include="IL2CPP\Functions\bootyfixer.cpp" />
    <ClCompile Include="IL2CPP\Functions\timescale.cpp" />
    <ClCompile Include="Lua\lauxlib.c" />
    <ClCompile Include="Lua\lua.c" />
    <ClCompile Include="IL2CPP\Functions\unlockfps.cpp" />
    <ClCompile Include="IL2CPP\Functions\resizeavatar.cpp" />
    <ClCompile Include="IL2CPP\Functions\hideui.cpp" />
    <ClCompile Include="IL2CPP\Functions\infinityenergy.cpp" />
    <ClCompile Include="IL2CPP\Functions\nocd.cpp" />
    <ClCompile Include="IL2CPP\Functions\uimisc.cpp" />
    <ClCompile Include="IL2CPP\Functions\infinitystamina.cpp" />
    <ClCompile Include="IL2CPP\Functions\eleminf.cpp" />
    <ClCompile Include="IL2CPP\Functions\godmode.cpp" />
    <ClCompile Include="IL2CPP\Functions\browser.cpp" />
    <ClCompile Include="IL2CPP\Functions\breastsizer.cpp" />
    <ClCompile Include="IL2CPP\Functions\fovchanger.cpp" />
    <ClCompile Include="IL2CPP\Functions\dumbenemies.cpp" />
    <ClCompile Include="IL2CPP\Functions\dialogskip.cpp" />
    <ClCompile Include="Lua\lapi.c" />
    <ClCompile Include="Lua\lbaselib.c" />
    <ClCompile Include="Lua\lbitlib.c" />
    <ClCompile Include="Lua\lcode.c" />
    <ClCompile Include="Lua\lcorolib.c" />
    <ClCompile Include="Lua\lctype.c" />
    <ClCompile Include="Lua\ldblib.c" />
    <ClCompile Include="Lua\ldebug.c" />
    <ClCompile Include="Lua\ldo.c" />
    <ClCompile Include="Lua\ldump.c" />
    <ClCompile Include="Lua\lfunc.c" />
    <ClCompile Include="Lua\lgc.c" />
    <ClCompile Include="Lua\linit.c" />
    <ClCompile Include="Lua\liolib.c" />
    <ClCompile Include="Lua\llex.c" />
    <ClCompile Include="Lua\lmathlib.c" />
    <ClCompile Include="Lua\lmem.c" />
    <ClCompile Include="Lua\loadlib.c" />
    <ClCompile Include="Lua\lobject.c" />
    <ClCompile Include="Lua\lopcodes.c" />
    <ClCompile Include="Lua\loslib.c" />
    <ClCompile Include="Lua\lparser.c" />
    <ClCompile Include="Lua\lstate.c" />
    <ClCompile Include="Lua\lstring.c" />
    <ClCompile Include="Lua\lstrlib.c" />
    <ClCompile Include="Lua\ltable.c" />
    <ClCompile Include="Lua\ltablib.c" />
    <ClCompile Include="Lua\ltm.c" />
    <ClCompile Include="Lua\lundump.c" />
    <ClCompile Include="Lua\lutf8lib.c" />
    <ClCompile Include="Lua\lvm.c" />
    <ClCompile Include="Lua\lzio.c" />
    <ClCompile Include="Utils\TelemetryBlocker.cpp" />
  </ItemGroup>
  <ItemGroup>
    <ClInclude Include="Games\lightsout.hpp" />
    <ClInclude Include="Games\minesweeper.hpp" />
    <ClInclude Include="Games\tictactoe.hpp" />
    <ClInclude Include="Games\wordle.hpp" />
    <ClInclude Include="GUI\MainGUI.h" />
    <ClInclude Include="includes.h" />
    <ClInclude Include="Json\prejson.hpp" />
    <ClInclude Include="Themes\Fonts\fontsloader.h" />
    <ClInclude Include="Themes\themes.h" />
    <ClInclude Include="ImGui\TextEditor\TextEditor.h" />
    <ClInclude Include="ImGui\ImGui\imconfig.h" />
    <ClInclude Include="ImGui\ImGui\imgui.h" />
    <ClInclude Include="ImGui\ImGui\imgui_impl_dx11.h" />
    <ClInclude Include="ImGui\ImGui\imgui_impl_win32.h" />
    <ClInclude Include="ImGui\ImGui\imgui_internal.h" />
    <ClInclude Include="ImGui\ImGui\imstb_rectpack.h" />
    <ClInclude Include="ImGui\ImGui\imstb_textedit.h" />
    <ClInclude Include="ImGui\ImGui\imstb_truetype.h" />
    <ClInclude Include="GUI\includeFunctions.h" />
    <ClInclude Include="Utils\ExtraGuiFuncs.hpp" />
    <ClInclude Include="Themes\Themeloader.hpp" />
    <ClInclude Include="Json\json.hpp" />
    <ClInclude Include="IL2CPP\detours.h" />
    <ClInclude Include="IL2CPP\HookManager.h" />
    <ClInclude Include="IL2CPP\il2cpp-appdata.h" />
    <ClInclude Include="IL2CPP\il2cpp-functions.h" />
    <ClInclude Include="IL2CPP\il2cpp-init.hpp" />
    <ClInclude Include="IL2CPP\il2cpp-api-functions.h" />
    <ClInclude Include="IL2CPP\il2cpp-unityplayer-functions.h" />
    <ClInclude Include="DirectX\D3D11Hook.hpp" />
    <ClInclude Include="DirectX\shadez.h" />
    <ClInclude Include="IL2CPP\Functions\molemole.h" />
    <ClInclude Include="GUI\Sections.hpp" />
    <ClInclude Include="IL2CPP\Functions\bootyfixer.h" />
    <ClInclude Include="IL2CPP\Functions\timescale.h" />
    <ClInclude Include="ImGui\ImGuiNotify\fa_solid_900.h" />
    <ClInclude Include="ImGui\ImGuiNotify\font_awesome_5.h" />
    <ClInclude Include="ImGui\ImGuiNotify\imgui_notify.h" />
    <ClInclude Include="ImGui\ImGuiNotify\tahoma.h" />
    <ClInclude Include="GUI\GuiDefinitions.h" />
    <ClInclude Include="GUI\InitGui.hpp" />
    <ClInclude Include="GUI\Translations.h" />
    <ClInclude Include="Utils\Utils.hpp" />
    <ClInclude Include="Lua\scanner.h" />
    <ClInclude Include="Lua\pe.h" />
    <ClInclude Include="Lua\lualib.h" />
    <ClInclude Include="Lua\lauxlib.h" />
    <ClInclude Include="Lua\lua.h" />
    <ClInclude Include="Lua\luahook.h" />
    <ClInclude Include="Lua\luaconf.h" />
    <ClInclude Include="Lua\lprefix.h" />
    <ClInclude Include="IL2CPP\Functions\unlockfps.h" />
    <ClInclude Include="Utils\LuaUtils.hpp" />
    <ClInclude Include="IL2CPP\Functions\resizeavatar.h" />
    <ClInclude Include="IL2CPP\il2cpp-types.h" />
    <ClInclude Include="resource.h" />
    <ClInclude Include="IL2CPP\Functions\hideui.h" />
    <ClInclude Include="IL2CPP\mDumper-funcs.h" />
    <ClInclude Include="IL2CPP\Functions\infinityenergy.h" />
    <ClInclude Include="IL2CPP\Functions\nocd.h" />
    <ClInclude Include="IL2CPP\Functions\uimisc.h" />
    <ClInclude Include="IL2CPP\Functions\infinitystamina.h" />
    <ClInclude Include="IL2CPP\Functions\eleminf.h" />
    <ClInclude Include="Lua\function.h" />
    <ClInclude Include="IL2CPP\Functions\godmode.h" />
    <ClInclude Include="IL2CPP\il2cppUtils.h" />
    <ClInclude Include="IL2CPP\Functions\noclip.h" />
    <ClInclude Include="IL2CPP\Functions\browser.h" />
    <ClInclude Include="IL2CPP\Functions\breastsizer.h" />
    <ClInclude Include="IL2CPP\Functions\fovchanger.h" />
    <ClInclude Include="IL2CPP\Functions\dumbenemies.h" />
    <ClInclude Include="IL2CPP\Functions\dialogskip.h" />
    <ClInclude Include="Lua\lzio.h" />
    <ClInclude Include="Lua\functions.hpp" />
    <ClInclude Include="Lua\lapi.h" />
    <ClInclude Include="Lua\lcode.h" />
    <ClInclude Include="Lua\lctype.h" />
    <ClInclude Include="Lua\ldebug.h" />
    <ClInclude Include="Lua\ldo.h" />
    <ClInclude Include="Lua\lfunc.h" />
    <ClInclude Include="Lua\lgc.h" />
    <ClInclude Include="Lua\llex.h" />
    <ClInclude Include="Lua\llimits.h" />
    <ClInclude Include="Lua\lmem.h" />
    <ClInclude Include="Lua\lobject.h" />
    <ClInclude Include="Lua\lopcodes.h" />
    <ClInclude Include="Lua\lparser.h" />
    <ClInclude Include="Lua\lstate.h" />
    <ClInclude Include="Lua\lstring.h" />
    <ClInclude Include="Lua\ltable.h" />
    <ClInclude Include="Lua\ltm.h" />
    <ClInclude Include="Lua\lua.hpp" />
    <ClInclude Include="Lua\lundump.h" />
    <ClInclude Include="Lua\lvm.h" />
    <ClInclude Include="Utils\TelemetryBlocker.h" />
  </ItemGroup>
  <ItemGroup>
    <Library Include="Lua\lua53.lib" />
  </ItemGroup>
  <ItemGroup>
    <Image Include="..\..\..\Users\Chak\Downloads\virus.png" />
    <Image Include="virus.png" />
    <Image Include="gato.png" />
  </ItemGroup>
  <ItemGroup>
    <Font Include="Themes\Fonts\m-n.otf" />
  </ItemGroup>
  <ItemGroup>
    <ResourceCompile Include="minty.rc" />
  </ItemGroup>
  <ItemGroup>
    <None Include="Lua\lua53.dll" />
  </ItemGroup>
</Project>